lockfileVersion: '9.0'

settings:
  autoInstallPeers: true
  excludeLinksFromLockfile: false

importers:

  .:
    dependencies:
      '@clerk/nextjs':
        specifier: ^5.4.1
        version: 5.4.1(next@14.2.8(react-dom@18.3.1(react@18.3.1))(react@18.3.1))(react-dom@18.3.1(react@18.3.1))(react@18.3.1)
      '@prisma/client':
        specifier: 5.19.1
        version: 5.19.1(prisma@5.19.1)
      next:
        specifier: 14.2.8
        version: 14.2.8(react-dom@18.3.1(react@18.3.1))(react@18.3.1)
      react:
        specifier: ^18
        version: 18.3.1
      react-dom:
        specifier: ^18
        version: 18.3.1(react@18.3.1)
      react-toastify:
        specifier: ^10.0.5
        version: 10.0.5(react-dom@18.3.1(react@18.3.1))(react@18.3.1)
    devDependencies:
      '@types/node':
        specifier: ^20
        version: 20.16.5
      '@types/react':
        specifier: ^18
        version: 18.3.5
      '@types/react-dom':
        specifier: ^18
        version: 18.3.0
      prisma:
        specifier: ^5.19.1
        version: 5.19.1
      typescript:
        specifier: ^5
        version: 5.5.4

packages:

  '@clerk/backend@1.9.2':
    resolution: {integrity: sha512-8vCYux8Xbu5TQ2iq9tYuDnNhv3K/XhZ+34QJG+n4ZX4w4FfTTuzwb5OylcmP69vPvYybhoQfjpK57kBOW22deg==}
    engines: {node: '>=18.17.0'}

  '@clerk/clerk-react@5.7.0':
    resolution: {integrity: sha512-VCYj/Qhm4P5u0A3X1M+yycod8cz8flFwtpnI8+ajGUDmMdel9iuR5ix01cgsHfyPuamfiuP1a4xNg7F0d+2P7Q==}
    engines: {node: '>=18.17.0'}
    peerDependencies:
      react: '>=18 || >=19.0.0-beta'
      react-dom: '>=18 || >=19.0.0-beta'

  '@clerk/nextjs@5.4.1':
    resolution: {integrity: sha512-rW/UIdsR0hDd90OTy0HS1dk69y8cO24GjnMXX7A2WhN2LmLtvC6K8pIX2w/mOajWNm6MTSBuzTDwLB8rYii9Ww==}
    engines: {node: '>=18.17.0'}
    peerDependencies:
      next: ^13.5.4 || ^14.0.3 || >=15.0.0-rc
      react: '>=18 || >=19.0.0-beta'
      react-dom: '>=18 || >=19.0.0-beta'

  '@clerk/shared@2.6.2':
    resolution: {integrity: sha512-RkrNknIr98GPu3srXLhjJViC1Mom1gUsRMNnf1deibX2yvRnndloZGnFb0qxf+pFL/NCkKd3nSHtK3eCJQrVYQ==}
    engines: {node: '>=18.17.0'}
    peerDependencies:
      react: '>=18 || >=19.0.0-beta'
      react-dom: '>=18 || >=19.0.0-beta'
    peerDependenciesMeta:
      react:
        optional: true
      react-dom:
        optional: true

  '@clerk/types@4.19.0':
    resolution: {integrity: sha512-bDN/nRUD5PFCehQ+Kjdcft0I3b9CIyCcY3OBNDSc1L6RQhlXH+J48EtaP/cbRdslb83LJiBPQ2i/gV4VgblzwA==}
    engines: {node: '>=18.17.0'}

  '@next/env@14.2.8':
    resolution: {integrity: sha512-L44a+ynqkolyNBnYfF8VoCiSrjSZWgEHYKkKLGcs/a80qh7AkfVUD/MduVPgdsWZ31tgROR+yJRA0PZjSVBXWQ==}

  '@next/swc-darwin-arm64@14.2.8':
    resolution: {integrity: sha512-1VrQlG8OzdyvvGZhGJFnaNE2P10Jjy/2FopnqbY0nSa/gr8If3iINxvOEW3cmVeoAYkmW0RsBazQecA2dBFOSw==}
    engines: {node: '>= 10'}
    cpu: [arm64]
    os: [darwin]

  '@next/swc-darwin-x64@14.2.8':
    resolution: {integrity: sha512-87t3I86rNRSOJB1gXIUzaQWWSWrkWPDyZGsR0Z7JAPtLeX3uUOW2fHxl7dNWD2BZvbvftctTQjgtfpp7nMtmWg==}
    engines: {node: '>= 10'}
    cpu: [x64]
    os: [darwin]

  '@next/swc-linux-arm64-gnu@14.2.8':
    resolution: {integrity: sha512-ta2sfVzbOpTbgBrF9HM5m+U58dv6QPuwU4n5EX4LLyCJGKc433Z0D9h9gay/HSOjLEXJ2fJYrMP5JYYbHdxhtw==}
    engines: {node: '>= 10'}
    cpu: [arm64]
    os: [linux]

  '@next/swc-linux-arm64-musl@14.2.8':
    resolution: {integrity: sha512-+IoLTPK6Z5uIgDhgeWnQF5/o5GBN7+zyUNrs4Bes1W3g9++YELb8y0unFybS8s87ntAKMDl6jeQ+mD7oNwp/Ng==}
    engines: {node: '>= 10'}
    cpu: [arm64]
    os: [linux]

  '@next/swc-linux-x64-gnu@14.2.8':
    resolution: {integrity: sha512-pO+hVXC+mvzUOQJJRG4RX4wJsRJ5BkURSf6dD6EjUXAX4Ml9es1WsEfkaZ4lcpmFzFvY47IkDaffks/GdCn9ag==}
    engines: {node: '>= 10'}
    cpu: [x64]
    os: [linux]

  '@next/swc-linux-x64-musl@14.2.8':
    resolution: {integrity: sha512-bCat9izctychCtf3uL1nqHq31N5e1VxvdyNcBQflkudPMLbxVnlrw45Vi87K+lt1CwrtVayHqzo4ie0Szcpwzg==}
    engines: {node: '>= 10'}
    cpu: [x64]
    os: [linux]

  '@next/swc-win32-arm64-msvc@14.2.8':
    resolution: {integrity: sha512-gbxfUaSPV7EyUobpavida2Hwi62GhSJaSg7iBjmBWoxkxlmETOD7U4tWt763cGIsyE6jM7IoNavq0BXqwdW2QA==}
    engines: {node: '>= 10'}
    cpu: [arm64]
    os: [win32]

  '@next/swc-win32-ia32-msvc@14.2.8':
    resolution: {integrity: sha512-PUXzEzjTTlUh3b5VAn1nlpwvujTnuCMMwbiCnaTazoVlN1nA3kWjlmp42IfURA2N/nyrlVEw7pURa/o4Qxj1cw==}
    engines: {node: '>= 10'}
    cpu: [ia32]
    os: [win32]

  '@next/swc-win32-x64-msvc@14.2.8':
    resolution: {integrity: sha512-EnPKv0ttq02E9/1KZ/8Dn7kuutv6hy1CKc0HlNcvzOQcm4/SQtvfws5gY0zrG9tuupd3HfC2L/zcTrnBhpjTuQ==}
    engines: {node: '>= 10'}
    cpu: [x64]
    os: [win32]

  '@prisma/client@5.19.1':
    resolution: {integrity: sha512-x30GFguInsgt+4z5I4WbkZP2CGpotJMUXy+Gl/aaUjHn2o1DnLYNTA+q9XdYmAQZM8fIIkvUiA2NpgosM3fneg==}
    engines: {node: '>=16.13'}
    peerDependencies:
      prisma: '*'
    peerDependenciesMeta:
      prisma:
        optional: true

  '@prisma/debug@5.19.1':
    resolution: {integrity: sha512-lAG6A6QnG2AskAukIEucYJZxxcSqKsMK74ZFVfCTOM/7UiyJQi48v6TQ47d6qKG3LbMslqOvnTX25dj/qvclGg==}

  '@prisma/engines-version@5.19.1-2.69d742ee20b815d88e17e54db4a2a7a3b30324e3':
    resolution: {integrity: sha512-xR6rt+z5LnNqTP5BBc+8+ySgf4WNMimOKXRn6xfNRDSpHvbOEmd7+qAOmzCrddEc4Cp8nFC0txU14dstjH7FXA==}

  '@prisma/engines@5.19.1':
    resolution: {integrity: sha512-kR/PoxZDrfUmbbXqqb8SlBBgCjvGaJYMCOe189PEYzq9rKqitQ2fvT/VJ8PDSe8tTNxhc2KzsCfCAL+Iwm/7Cg==}

  '@prisma/fetch-engine@5.19.1':
    resolution: {integrity: sha512-pCq74rtlOVJfn4pLmdJj+eI4P7w2dugOnnTXpRilP/6n5b2aZiA4ulJlE0ddCbTPkfHmOL9BfaRgA8o+1rfdHw==}

  '@prisma/get-platform@5.19.1':
    resolution: {integrity: sha512-sCeoJ+7yt0UjnR+AXZL7vXlg5eNxaFOwC23h0KvW1YIXUoa7+W2ZcAUhoEQBmJTW4GrFqCuZ8YSP0mkDa4k3Zg==}

  '@swc/counter@0.1.3':
    resolution: {integrity: sha512-e2BR4lsJkkRlKZ/qCHPw9ZaSxc0MVUd7gtbtaB7aMvHeJVYe8sOB8DBZkP2DtISHGSku9sCK6T6cnY0CtXrOCQ==}

  '@swc/helpers@0.5.5':
    resolution: {integrity: sha512-KGYxvIOXcceOAbEk4bi/dVLEK9z8sZ0uBB3Il5b1rhfClSpcX0yfRO0KmTkqR2cnQDymwLB+25ZyMzICg/cm/A==}

  '@types/node@20.16.5':
    resolution: {integrity: sha512-VwYCweNo3ERajwy0IUlqqcyZ8/A7Zwa9ZP3MnENWcB11AejO+tLy3pu850goUW2FC/IJMdZUfKpX/yxL1gymCA==}

  '@types/prop-types@15.7.12':
    resolution: {integrity: sha512-5zvhXYtRNRluoE/jAp4GVsSduVUzNWKkOZrCDBWYtE7biZywwdC2AcEzg+cSMLFRfVgeAFqpfNabiPjxFddV1Q==}

  '@types/react-dom@18.3.0':
    resolution: {integrity: sha512-EhwApuTmMBmXuFOikhQLIBUn6uFg81SwLMOAUgodJF14SOBOCMdU04gDoYi0WOJJHD144TL32z4yDqCW3dnkQg==}

  '@types/react@18.3.5':
    resolution: {integrity: sha512-WeqMfGJLGuLCqHGYRGHxnKrXcTitc6L/nBUWfWPcTarG3t9PsquqUMuVeXZeca+mglY4Vo5GZjCi0A3Or2lnxA==}

  busboy@1.6.0:
    resolution: {integrity: sha512-8SFQbg/0hQ9xy3UNTB0YEnsNBbWfhf7RtnzpL7TkBiTBRfrQ9Fxcnz7VJsleJpyp6rVLvXiuORqjlHi5q+PYuA==}
    engines: {node: '>=10.16.0'}

  caniuse-lite@1.0.30001658:
    resolution: {integrity: sha512-N2YVqWbJELVdrnsW5p+apoQyYt51aBMSsBZki1XZEfeBCexcM/sf4xiAHcXQBkuOwJBXtWF7aW1sYX6tKebPHw==}

  client-only@0.0.1:
    resolution: {integrity: sha512-IV3Ou0jSMzZrd3pZ48nLkT9DA7Ag1pnPzaiQhpW7c3RbcqqzvzzVu+L8gfqMp/8IM2MQtSiqaCxrrcfu8I8rMA==}

  clsx@2.1.1:
    resolution: {integrity: sha512-eYm0QWBtUrBWZWG0d386OGAw16Z995PiOVo2B7bjWSbHedGl5e0ZWaq65kOGgUSNesEIDkB9ISbTg/JK9dhCZA==}
    engines: {node: '>=6'}

  cookie@0.5.0:
    resolution: {integrity: sha512-YZ3GUyn/o8gfKJlnlX7g7xq4gyO6OSuhGPKaaGssGB2qgDUS0gPgtTvoyZLTt9Ab6dC4hfc9dV5arkvc/OCmrw==}
    engines: {node: '>= 0.6'}

  crypto-js@4.2.0:
    resolution: {integrity: sha512-KALDyEYgpY+Rlob/iriUtjV6d5Eq+Y191A5g4UqLAi8CyGP9N1+FdVbkc1SxKc2r4YAYqG8JzO2KGL+AizD70Q==}

  csstype@3.1.1:
    resolution: {integrity: sha512-DJR/VvkAvSZW9bTouZue2sSxDwdTN92uHjqeKVm+0dAqdfNykRzQ95tay8aXMBAAPpUiq4Qcug2L7neoRh2Egw==}

  csstype@3.1.3:
    resolution: {integrity: sha512-M1uQkMl8rQK/szD0LNhtqxIPLpimGm8sOBwU7lLnCpSbTyY3yeU1Vc7l4KT5zT4s/yOxHH5O7tIuuLOCnLADRw==}

  dot-case@3.0.4:
    resolution: {integrity: sha512-Kv5nKlh6yRrdrGvxeJ2e5y2eRUpkUosIW4A2AS38zwSz27zu7ufDwQPi5Jhs3XAlGNetl3bmnGhQsMtkKJnj3w==}

  fsevents@2.3.3:
    resolution: {integrity: sha512-5xoDfX+fL7faATnagmWPpbFtwh/R77WmMMqqHGS65C3vvB0YHrgF+B1YmZ3441tMj5n63k0212XNoJwzlhffQw==}
    engines: {node: ^8.16.0 || ^10.6.0 || >=11.0.0}
    os: [darwin]

  glob-to-regexp@0.4.1:
    resolution: {integrity: sha512-lkX1HJXwyMcprw/5YUZc2s7DrpAiHB21/V+E1rHUrVNokkvB6bqMzT0VfV6/86ZNabt1k14YOIaT7nDvOX3Iiw==}

  graceful-fs@4.2.11:
    resolution: {integrity: sha512-RbJ5/jmFcNNCcDV5o9eTnBLJ/HszWV0P73bc+Ff4nS/rJj+YaS6IGyiOL0VoBYX+l1Wrl3k63h/KrH+nhJ0XvQ==}

  js-cookie@3.0.5:
    resolution: {integrity: sha512-cEiJEAEoIbWfCZYKWhVwFuvPX1gETRYPw6LlaTKoxD3s2AkXzkCjnp6h0V77ozyqj0jakteJ4YqDJT830+lVGw==}
    engines: {node: '>=14'}

  js-tokens@4.0.0:
    resolution: {integrity: sha512-RdJUflcE3cUzKiMqQgsCu06FPu9UdIJO0beYbPhHN4k6apgJtifcoCtT9bcxOpYBtpD2kCM6Sbzg4CausW/PKQ==}

  loose-envify@1.4.0:
    resolution: {integrity: sha512-lyuxPGr/Wfhrlem2CL/UcnUc1zcqKAImBDzukY7Y5F/yQiNdko6+fRLevlw1HgMySw7f611UIY408EtxRSoK3Q==}
    hasBin: true

  lower-case@2.0.2:
    resolution: {integrity: sha512-7fm3l3NAF9WfN6W3JOmf5drwpVqX78JtoGJ3A6W0a6ZnldM41w2fV5D490psKFTpMds8TJse/eHLFFsNHHjHgg==}

  map-obj@4.3.0:
    resolution: {integrity: sha512-hdN1wVrZbb29eBGiGjJbeP8JbKjq1urkHJ/LIP/NY48MZ1QVXUsQBV1G1zvYFHn1XE06cwjBsOI2K3Ulnj1YXQ==}
    engines: {node: '>=8'}

  nanoid@3.3.7:
    resolution: {integrity: sha512-eSRppjcPIatRIMC1U6UngP8XFcz8MQWGQdt1MTBQ7NaAmvXDfvNxbvWV3x2y6CdEUciCSsDHDQZbhYaB8QEo2g==}
    engines: {node: ^10 || ^12 || ^13.7 || ^14 || >=15.0.1}
    hasBin: true

  next@14.2.8:
    resolution: {integrity: sha512-EyEyJZ89r8C5FPlS/401AiF3O8jeMtHIE+bLom9MwcdWJJFBgRl+MR/2VgO0v5bI6tQORNY0a0DR5sjpFNrjbg==}
    engines: {node: '>=18.17.0'}
    hasBin: true
    peerDependencies:
      '@opentelemetry/api': ^1.1.0
      '@playwright/test': ^1.41.2
      react: ^18.2.0
      react-dom: ^18.2.0
      sass: ^1.3.0
    peerDependenciesMeta:
      '@opentelemetry/api':
        optional: true
      '@playwright/test':
        optional: true
      sass:
        optional: true

  no-case@3.0.4:
    resolution: {integrity: sha512-fgAN3jGAh+RoxUGZHTSOLJIqUc2wmoBwGR4tbpNAKmmovFoWq0OdRkb0VkldReO2a2iBT/OEulG9XSUc10r3zg==}

  path-to-regexp@6.2.2:
    resolution: {integrity: sha512-GQX3SSMokngb36+whdpRXE+3f9V8UzyAorlYvOGx87ufGHehNTn5lCxrKtLyZ4Yl/wEKnNnr98ZzOwwDZV5ogw==}

  picocolors@1.1.0:
    resolution: {integrity: sha512-TQ92mBOW0l3LeMeyLV6mzy/kWr8lkd/hp3mTg7wYK7zJhuBStmGMBG0BdeDZS/dZx1IukaX6Bk11zcln25o1Aw==}

  postcss@8.4.31:
    resolution: {integrity: sha512-PS08Iboia9mts/2ygV3eLpY5ghnUcfLV/EXTOW1E2qYxJKGGBUtNjN76FYHnMs36RmARn41bC0AZmn+rR0OVpQ==}
    engines: {node: ^10 || ^12 || >=14}

  prisma@5.19.1:
    resolution: {integrity: sha512-c5K9MiDaa+VAAyh1OiYk76PXOme9s3E992D7kvvIOhCrNsBQfy2mP2QAQtX0WNj140IgG++12kwZpYB9iIydNQ==}
    engines: {node: '>=16.13'}
    hasBin: true

  react-dom@18.3.1:
    resolution: {integrity: sha512-5m4nQKp+rZRb09LNH59GM4BxTh9251/ylbKIbpe7TpGxfJ+9kv6BLkLBXIjjspbgbnIBNqlI23tRnTWT0snUIw==}
    peerDependencies:
      react: ^18.3.1

  react-toastify@10.0.5:
    resolution: {integrity: sha512-mNKt2jBXJg4O7pSdbNUfDdTsK9FIdikfsIE/yUCxbAEXl4HMyJaivrVFcn3Elvt5xvCQYhUZm+hqTIu1UXM3Pw==}
    peerDependencies:
      react: '>=18'
      react-dom: '>=18'

  react@18.3.1:
    resolution: {integrity: sha512-wS+hAgJShR0KhEvPJArfuPVN1+Hz1t0Y6n5jLrGQbkb4urgPE/0Rve+1kMB1v/oWgHgm4WIcV+i7F2pTVj+2iQ==}
    engines: {node: '>=0.10.0'}

  scheduler@0.23.2:
    resolution: {integrity: sha512-UOShsPwz7NrMUqhR6t0hWjFduvOzbtv7toDH1/hIrfRNIDBnnBWd0CwJTGvTpngVlmwGCdP9/Zl/tVrDqcuYzQ==}

  server-only@0.0.1:
    resolution: {integrity: sha512-qepMx2JxAa5jjfzxG79yPPq+8BuFToHd1hm7kI+Z4zAq1ftQiP7HcxMhDDItrbtwVeLg/cY2JnKnrcFkmiswNA==}

  snake-case@3.0.4:
    resolution: {integrity: sha512-LAOh4z89bGQvl9pFfNF8V146i7o7/CqFPbqzYgP+yYzDIDeS9HaNFtXABamRW+AQzEVODcvE79ljJ+8a9YSdMg==}

  snakecase-keys@5.4.4:
    resolution: {integrity: sha512-YTywJG93yxwHLgrYLZjlC75moVEX04LZM4FHfihjHe1FCXm+QaLOFfSf535aXOAd0ArVQMWUAe8ZPm4VtWyXaA==}
    engines: {node: '>=12'}

  source-map-js@1.2.0:
    resolution: {integrity: sha512-itJW8lvSA0TXEphiRoawsCksnlf8SyvmFzIhltqAHluXd88pkCd+cXJVHTDwdCr0IzwptSm035IHQktUu1QUMg==}
    engines: {node: '>=0.10.0'}

  std-env@3.7.0:
    resolution: {integrity: sha512-JPbdCEQLj1w5GilpiHAx3qJvFndqybBysA3qUOnznweH4QbNYUsW/ea8QzSrnh0vNsezMMw5bcVool8lM0gwzg==}

  streamsearch@1.1.0:
    resolution: {integrity: sha512-Mcc5wHehp9aXz1ax6bZUyY5afg9u2rv5cqQI3mRrYkGC8rW2hM02jWuwjtL++LS5qinSyhj2QfLyNsuc+VsExg==}
    engines: {node: '>=10.0.0'}

  styled-jsx@5.1.1:
    resolution: {integrity: sha512-pW7uC1l4mBZ8ugbiZrcIsiIvVx1UmTfw7UkC3Um2tmfUq9Bhk8IiyEIPl6F8agHgjzku6j0xQEZbfA5uSgSaCw==}
    engines: {node: '>= 12.0.0'}
    peerDependencies:
      '@babel/core': '*'
      babel-plugin-macros: '*'
      react: '>= 16.8.0 || 17.x.x || ^18.0.0-0'
    peerDependenciesMeta:
      '@babel/core':
        optional: true
      babel-plugin-macros:
        optional: true

  swr@2.2.5:
    resolution: {integrity: sha512-QtxqyclFeAsxEUeZIYmsaQ0UjimSq1RZ9Un7I68/0ClKK/U3LoyQunwkQfJZr2fc22DfIXLNDc2wFyTEikCUpg==}
    peerDependencies:
      react: ^16.11.0 || ^17.0.0 || ^18.0.0

  tslib@2.4.1:
    resolution: {integrity: sha512-tGyy4dAjRIEwI7BzsB0lynWgOpfqjUdq91XXAlIWD2OwKBH7oCl/GZG/HT4BOHrTlPMOASlMQ7veyTqpmRcrNA==}

  tslib@2.7.0:
    resolution: {integrity: sha512-gLXCKdN1/j47AiHiOkJN69hJmcbGTHI0ImLmbYLHykhgeN0jVGola9yVjFgzCUklsZQMW55o+dW7IXv3RCXDzA==}

  type-fest@2.19.0:
    resolution: {integrity: sha512-RAH822pAdBgcNMAfWnCBU3CFZcfZ/i1eZjwFU/dsLKumyuuP3niueg2UAukXYF0E2AAoc82ZSSf9J0WQBinzHA==}
    engines: {node: '>=12.20'}

  typescript@5.5.4:
    resolution: {integrity: sha512-Mtq29sKDAEYP7aljRgtPOpTvOfbwRWlS6dPRzwjdE+C0R4brX/GUyhHSecbHMFLNBLcJIPt9nl9yG5TZ1weH+Q==}
    engines: {node: '>=14.17'}
    hasBin: true

  undici-types@6.19.8:
    resolution: {integrity: sha512-ve2KP6f/JnbPBFyobGHuerC9g1FYGn/F8n1LWTwNxCEzd6IfqTwUQcNXgEtmmQ6DlRrC1hrSrBnCZPokRrDHjw==}

  use-sync-external-store@1.2.2:
    resolution: {integrity: sha512-PElTlVMwpblvbNqQ82d2n6RjStvdSoNe9FG28kNfz3WiXilJm4DdNkEzRhCZuIDwY8U08WVihhGR5iRqAwfDiw==}
    peerDependencies:
      react: ^16.8.0 || ^17.0.0 || ^18.0.0

snapshots:

  '@clerk/backend@1.9.2(react-dom@18.3.1(react@18.3.1))(react@18.3.1)':
    dependencies:
      '@clerk/shared': 2.6.2(react-dom@18.3.1(react@18.3.1))(react@18.3.1)
      '@clerk/types': 4.19.0
      cookie: 0.5.0
      snakecase-keys: 5.4.4
      tslib: 2.4.1
    transitivePeerDependencies:
      - react
      - react-dom

  '@clerk/clerk-react@5.7.0(react-dom@18.3.1(react@18.3.1))(react@18.3.1)':
    dependencies:
      '@clerk/shared': 2.6.2(react-dom@18.3.1(react@18.3.1))(react@18.3.1)
      '@clerk/types': 4.19.0
      react: 18.3.1
      react-dom: 18.3.1(react@18.3.1)
      tslib: 2.4.1

  '@clerk/nextjs@5.4.1(next@14.2.8(react-dom@18.3.1(react@18.3.1))(react@18.3.1))(react-dom@18.3.1(react@18.3.1))(react@18.3.1)':
    dependencies:
      '@clerk/backend': 1.9.2(react-dom@18.3.1(react@18.3.1))(react@18.3.1)
      '@clerk/clerk-react': 5.7.0(react-dom@18.3.1(react@18.3.1))(react@18.3.1)
      '@clerk/shared': 2.6.2(react-dom@18.3.1(react@18.3.1))(react@18.3.1)
      '@clerk/types': 4.19.0
      crypto-js: 4.2.0
      next: 14.2.8(react-dom@18.3.1(react@18.3.1))(react@18.3.1)
      path-to-regexp: 6.2.2
      react: 18.3.1
      react-dom: 18.3.1(react@18.3.1)
      server-only: 0.0.1
      tslib: 2.4.1

  '@clerk/shared@2.6.2(react-dom@18.3.1(react@18.3.1))(react@18.3.1)':
    dependencies:
      '@clerk/types': 4.19.0
      glob-to-regexp: 0.4.1
      js-cookie: 3.0.5
      std-env: 3.7.0
      swr: 2.2.5(react@18.3.1)
    optionalDependencies:
      react: 18.3.1
      react-dom: 18.3.1(react@18.3.1)

  '@clerk/types@4.19.0':
    dependencies:
      csstype: 3.1.1

  '@next/env@14.2.8': {}

  '@next/swc-darwin-arm64@14.2.8':
    optional: true

  '@next/swc-darwin-x64@14.2.8':
    optional: true

  '@next/swc-linux-arm64-gnu@14.2.8':
    optional: true

  '@next/swc-linux-arm64-musl@14.2.8':
    optional: true

  '@next/swc-linux-x64-gnu@14.2.8':
    optional: true

  '@next/swc-linux-x64-musl@14.2.8':
    optional: true

  '@next/swc-win32-arm64-msvc@14.2.8':
    optional: true

  '@next/swc-win32-ia32-msvc@14.2.8':
    optional: true

  '@next/swc-win32-x64-msvc@14.2.8':
    optional: true

  '@prisma/client@5.19.1(prisma@5.19.1)':
    optionalDependencies:
      prisma: 5.19.1

  '@prisma/debug@5.19.1': {}

  '@prisma/engines-version@5.19.1-2.69d742ee20b815d88e17e54db4a2a7a3b30324e3': {}

  '@prisma/engines@5.19.1':
    dependencies:
      '@prisma/debug': 5.19.1
      '@prisma/engines-version': 5.19.1-2.69d742ee20b815d88e17e54db4a2a7a3b30324e3
      '@prisma/fetch-engine': 5.19.1
      '@prisma/get-platform': 5.19.1

  '@prisma/fetch-engine@5.19.1':
    dependencies:
      '@prisma/debug': 5.19.1
      '@prisma/engines-version': 5.19.1-2.69d742ee20b815d88e17e54db4a2a7a3b30324e3
      '@prisma/get-platform': 5.19.1

  '@prisma/get-platform@5.19.1':
    dependencies:
      '@prisma/debug': 5.19.1

  '@swc/counter@0.1.3': {}

  '@swc/helpers@0.5.5':
    dependencies:
      '@swc/counter': 0.1.3
      tslib: 2.7.0

  '@types/node@20.16.5':
    dependencies:
      undici-types: 6.19.8

  '@types/prop-types@15.7.12': {}

  '@types/react-dom@18.3.0':
    dependencies:
      '@types/react': 18.3.5

  '@types/react@18.3.5':
    dependencies:
      '@types/prop-types': 15.7.12
      csstype: 3.1.3

  busboy@1.6.0:
    dependencies:
      streamsearch: 1.1.0

  caniuse-lite@1.0.30001658: {}

  client-only@0.0.1: {}

  clsx@2.1.1: {}

  cookie@0.5.0: {}

  crypto-js@4.2.0: {}

  csstype@3.1.1: {}

  csstype@3.1.3: {}

  dot-case@3.0.4:
    dependencies:
      no-case: 3.0.4
      tslib: 2.4.1

  fsevents@2.3.3:
    optional: true

  glob-to-regexp@0.4.1: {}

  graceful-fs@4.2.11: {}

  js-cookie@3.0.5: {}

  js-tokens@4.0.0: {}

  loose-envify@1.4.0:
    dependencies:
      js-tokens: 4.0.0

  lower-case@2.0.2:
    dependencies:
      tslib: 2.4.1

  map-obj@4.3.0: {}

  nanoid@3.3.7: {}

  next@14.2.8(react-dom@18.3.1(react@18.3.1))(react@18.3.1):
    dependencies:
      '@next/env': 14.2.8
      '@swc/helpers': 0.5.5
      busboy: 1.6.0
      caniuse-lite: 1.0.30001658
      graceful-fs: 4.2.11
      postcss: 8.4.31
      react: 18.3.1
      react-dom: 18.3.1(react@18.3.1)
      styled-jsx: 5.1.1(react@18.3.1)
    optionalDependencies:
      '@next/swc-darwin-arm64': 14.2.8
      '@next/swc-darwin-x64': 14.2.8
      '@next/swc-linux-arm64-gnu': 14.2.8
      '@next/swc-linux-arm64-musl': 14.2.8
      '@next/swc-linux-x64-gnu': 14.2.8
      '@next/swc-linux-x64-musl': 14.2.8
      '@next/swc-win32-arm64-msvc': 14.2.8
      '@next/swc-win32-ia32-msvc': 14.2.8
      '@next/swc-win32-x64-msvc': 14.2.8
    transitivePeerDependencies:
      - '@babel/core'
      - babel-plugin-macros

  no-case@3.0.4:
    dependencies:
      lower-case: 2.0.2
      tslib: 2.4.1

  path-to-regexp@6.2.2: {}

  picocolors@1.1.0: {}

  postcss@8.4.31:
    dependencies:
      nanoid: 3.3.7
      picocolors: 1.1.0
      source-map-js: 1.2.0

  prisma@5.19.1:
    dependencies:
      '@prisma/engines': 5.19.1
    optionalDependencies:
      fsevents: 2.3.3

  react-dom@18.3.1(react@18.3.1):
    dependencies:
      loose-envify: 1.4.0
      react: 18.3.1
      scheduler: 0.23.2

  react-toastify@10.0.5(react-dom@18.3.1(react@18.3.1))(react@18.3.1):
    dependencies:
      clsx: 2.1.1
      react: 18.3.1
      react-dom: 18.3.1(react@18.3.1)

  react@18.3.1:
    dependencies:
      loose-envify: 1.4.0

  scheduler@0.23.2:
    dependencies:
      loose-envify: 1.4.0

  server-only@0.0.1: {}

  snake-case@3.0.4:
    dependencies:
      dot-case: 3.0.4
      tslib: 2.4.1

  snakecase-keys@5.4.4:
    dependencies:
      map-obj: 4.3.0
      snake-case: 3.0.4
      type-fest: 2.19.0

  source-map-js@1.2.0: {}

  std-env@3.7.0: {}

  streamsearch@1.1.0: {}

  styled-jsx@5.1.1(react@18.3.1):
    dependencies:
      client-only: 0.0.1
      react: 18.3.1

  swr@2.2.5(react@18.3.1):
    dependencies:
      client-only: 0.0.1
      react: 18.3.1
      use-sync-external-store: 1.2.2(react@18.3.1)

  tslib@2.4.1: {}

  tslib@2.7.0: {}

  type-fest@2.19.0: {}

  typescript@5.5.4: {}

  undici-types@6.19.8: {}

  use-sync-external-store@1.2.2(react@18.3.1):
    dependencies:
      react: 18.3.1
